
Microsoft Visual Studio Solution File, Format Version 12.00
# Visual Studio 2015
Project("{FAE04EC0-301F-11D3-BF4B-00C04F79EFBC}") = "Endless Nights.CSharp.Plugins", "Endless Nights.CSharp.Plugins.csproj", "{4525F6DE-FB5A-F768-8088-9621671037D2}"
EndProject
Project("{FAE04EC0-301F-11D3-BF4B-00C04F79EFBC}") = "Endless Nights.CSharp", "Endless Nights.CSharp.csproj", "{93AD7B92-D1B0-6AD6-DB6C-FB418F8F0F74}"
EndProject
Project("{FAE04EC0-301F-11D3-BF4B-00C04F79EFBC}") = "Endless Nights.CSharp.Editor", "Endless Nights.CSharp.Editor.csproj", "{639937F7-12B9-1A9C-CD48-BF3F04E81268}"
EndProject
Global
	GlobalSection(SolutionConfigurationPlatforms) = preSolution
		Debug|Any CPU = Debug|Any CPU
		Release|Any CPU = Release|Any CPU
	EndGlobalSection
	GlobalSection(ProjectConfigurationPlatforms) = postSolution
		{4525F6DE-FB5A-F768-8088-9621671037D2}.Debug|Any CPU.ActiveCfg = Debug|Any CPU
		{4525F6DE-FB5A-F768-8088-9621671037D2}.Debug|Any CPU.Build.0 = Debug|Any CPU
		{4525F6DE-FB5A-F768-8088-9621671037D2}.Release|Any CPU.ActiveCfg = Release|Any CPU
		{4525F6DE-FB5A-F768-8088-9621671037D2}.Release|Any CPU.Build.0 = Release|Any CPU
		{93AD7B92-D1B0-6AD6-DB6C-FB418F8F0F74}.Debug|Any CPU.ActiveCfg = Debug|Any CPU
		{93AD7B92-D1B0-6AD6-DB6C-FB418F8F0F74}.Debug|Any CPU.Build.0 = Debug|Any CPU
		{93AD7B92-D1B0-6AD6-DB6C-FB418F8F0F74}.Release|Any CPU.ActiveCfg = Release|Any CPU
		{93AD7B92-D1B0-6AD6-DB6C-FB418F8F0F74}.Release|Any CPU.Build.0 = Release|Any CPU
		{639937F7-12B9-1A9C-CD48-BF3F04E81268}.Debug|Any CPU.ActiveCfg = Debug|Any CPU
		{639937F7-12B9-1A9C-CD48-BF3F04E81268}.Debug|Any CPU.Build.0 = Debug|Any CPU
		{639937F7-12B9-1A9C-CD48-BF3F04E81268}.Release|Any CPU.ActiveCfg = Release|Any CPU
		{639937F7-12B9-1A9C-CD48-BF3F04E81268}.Release|Any CPU.Build.0 = Release|Any CPU
	EndGlobalSection
	GlobalSection(SolutionProperties) = preSolution
		HideSolutionNode = FALSE
	EndGlobalSection
EndGlobal
